<?xml version="1.0" encoding="utf-8"?>
<Project ToolsVersion="4.0" xmlns="http://schemas.microsoft.com/developer/msbuild/2003">
  <ItemGroup>
    <Filter Include="源文件">
      <UniqueIdentifier>{4FC737F1-C7A5-4376-A066-2A32D752A2FF}</UniqueIdentifier>
      <Extensions>cpp;c;cc;cxx;def;odl;idl;hpj;bat;asm;asmx</Extensions>
    </Filter>
    <Filter Include="头文件">
      <UniqueIdentifier>{93995380-89BD-4b04-88EB-625FBE52EBFB}</UniqueIdentifier>
      <Extensions>h;hh;hpp;hxx;hm;inl;inc;ipp;xsd</Extensions>
    </Filter>
    <Filter Include="资源文件">
      <UniqueIdentifier>{67DA6AB6-F800-4c08-8B7A-83BB121AAD01}</UniqueIdentifier>
      <Extensions>rc;ico;cur;bmp;dlg;rc2;rct;bin;rgs;gif;jpg;jpeg;jpe;resx;tiff;tif;png;wav;mfcribbon-ms</Extensions>
    </Filter>
  </ItemGroup>
  <ItemGroup>
    <ClCompile Include="glad.c">
      <Filter>源文件</Filter>
    </ClCompile>
    <ClCompile Include="_01_HelloWindow.cpp">
      <Filter>源文件</Filter>
    </ClCompile>
    <ClCompile Include="MainOpenGL.cpp">
      <Filter>源文件</Filter>
    </ClCompile>
    <ClCompile Include="_02_HelloTriangle_Practice.cpp">
      <Filter>源文件</Filter>
    </ClCompile>
    <ClCompile Include="_02_HelloTriangle.cpp">
      <Filter>源文件</Filter>
    </ClCompile>
    <ClCompile Include="_03_HelloShader.cpp">
      <Filter>源文件</Filter>
    </ClCompile>
    <ClCompile Include="CommonBaseScript.cpp">
      <Filter>源文件</Filter>
    </ClCompile>
    <ClCompile Include="Shader.cpp">
      <Filter>源文件</Filter>
    </ClCompile>
    <ClCompile Include="_03_HelloShader_File.cpp">
      <Filter>源文件</Filter>
    </ClCompile>
    <ClCompile Include="_03_HelloShard_Practice.cpp">
      <Filter>源文件</Filter>
    </ClCompile>
    <ClCompile Include="_04_HelloTextures.cpp">
      <Filter>源文件</Filter>
    </ClCompile>
    <ClCompile Include="_04_HelloTextures_Practice.cpp">
      <Filter>源文件</Filter>
    </ClCompile>
    <ClCompile Include="_05_HelloTRS.cpp">
      <Filter>源文件</Filter>
    </ClCompile>
    <ClCompile Include="_06_CoordinateSystems.cpp">
      <Filter>源文件</Filter>
    </ClCompile>
    <ClCompile Include="_06_CoordinateSystems_Practice.cpp">
      <Filter>源文件</Filter>
    </ClCompile>
    <ClCompile Include="_05_HelloTRS_Practice.cpp">
      <Filter>源文件</Filter>
    </ClCompile>
    <ClCompile Include="_07_Camera.cpp">
      <Filter>源文件</Filter>
    </ClCompile>
    <ClCompile Include="Camera.cpp">
      <Filter>源文件</Filter>
    </ClCompile>
    <ClCompile Include="_08_Lighting.cpp">
      <Filter>源文件</Filter>
    </ClCompile>
    <ClCompile Include="_09_BasicLighting.cpp">
      <Filter>源文件</Filter>
    </ClCompile>
    <ClCompile Include="_10_LightingMaps.cpp">
      <Filter>源文件</Filter>
    </ClCompile>
    <ClCompile Include="ImageHelper.cpp">
      <Filter>源文件</Filter>
    </ClCompile>
    <ClCompile Include="_11_LightCasters.cpp">
      <Filter>源文件</Filter>
    </ClCompile>
    <ClCompile Include="_11_LightCasters_Practice.cpp">
      <Filter>源文件</Filter>
    </ClCompile>
    <ClCompile Include="_12_MultipleLights.cpp">
      <Filter>源文件</Filter>
    </ClCompile>
  </ItemGroup>
  <ItemGroup>
    <ClInclude Include="_01_HelloWindow.h">
      <Filter>头文件</Filter>
    </ClInclude>
    <ClInclude Include="_02_HelloTriangle.h">
      <Filter>头文件</Filter>
    </ClInclude>
    <ClInclude Include="_02_HelloTriangle_Practice.h">
      <Filter>头文件</Filter>
    </ClInclude>
    <ClInclude Include="_03_HelloShader.h">
      <Filter>头文件</Filter>
    </ClInclude>
    <ClInclude Include="CommonBaseScript.h">
      <Filter>头文件</Filter>
    </ClInclude>
    <ClInclude Include="Shader.h">
      <Filter>头文件</Filter>
    </ClInclude>
    <ClInclude Include="_03_HelloShader_File.h">
      <Filter>头文件</Filter>
    </ClInclude>
    <ClInclude Include="_03_HelloShard_Practice.h">
      <Filter>头文件</Filter>
    </ClInclude>
    <ClInclude Include="stb_image.h">
      <Filter>头文件</Filter>
    </ClInclude>
    <ClInclude Include="_04_HelloTextures.h">
      <Filter>头文件</Filter>
    </ClInclude>
    <ClInclude Include="_04_HelloTextures_Practice.h">
      <Filter>头文件</Filter>
    </ClInclude>
    <ClInclude Include="_05_HelloTRS.h">
      <Filter>头文件</Filter>
    </ClInclude>
    <ClInclude Include="_06_CoordinateSystems.h">
      <Filter>头文件</Filter>
    </ClInclude>
    <ClInclude Include="_05_HelloTRS_Practice.h">
      <Filter>头文件</Filter>
    </ClInclude>
    <ClInclude Include="_06_CoordinateSystems_Practice.h">
      <Filter>头文件</Filter>
    </ClInclude>
    <ClInclude Include="_07_Camera.h">
      <Filter>头文件</Filter>
    </ClInclude>
    <ClInclude Include="Camera.h">
      <Filter>头文件</Filter>
    </ClInclude>
    <ClInclude Include="_08_Lighting.h">
      <Filter>头文件</Filter>
    </ClInclude>
    <ClInclude Include="_09_BasicLighting.h">
      <Filter>头文件</Filter>
    </ClInclude>
    <ClInclude Include="_10_LightingMaps.h">
      <Filter>头文件</Filter>
    </ClInclude>
    <ClInclude Include="ImageHelper.h">
      <Filter>头文件</Filter>
    </ClInclude>
    <ClInclude Include="_11_LightCasters.h">
      <Filter>头文件</Filter>
    </ClInclude>
    <ClInclude Include="_11_LightCasters_Practice.h">
      <Filter>头文件</Filter>
    </ClInclude>
    <ClInclude Include="_12_MultipleLights.h">
      <Filter>头文件</Filter>
    </ClInclude>
  </ItemGroup>
</Project>